
Microsoft Visual Studio Solution File, Format Version 12.00
# Visual Studio Version 17
VisualStudioVersion = 17.9.34701.34
MinimumVisualStudioVersion = 10.0.40219.1
Project("{9A19103F-16F7-4668-BE54-9A1E7A4F7556}") = "ejercicio_05", "ejercicio_05\ejercicio_05.csproj", "{D49D9447-94CA-4814-9299-9ABECF740884}"
EndProject
Project("{9A19103F-16F7-4668-BE54-9A1E7A4F7556}") = "ejercicio_06_Lamparitas", "ejercicio_06_Lamparitas\ejercicio_06_Lamparitas.csproj", "{FC2C90B9-217C-4AFD-ADE3-C36A1B35DEF9}"
EndProject
Project("{FAE04EC0-301F-11D3-BF4B-00C04F79EFBC}") = "repaso_bucles", "..\..\..\ejercicios_CFP\repaso_bucles\repaso_bucles.csproj", "{6A1C06A7-0C2A-4804-8542-0DBD3B544E54}"
EndProject
Global
	GlobalSection(SolutionConfigurationPlatforms) = preSolution
		Debug|Any CPU = Debug|Any CPU
		Release|Any CPU = Release|Any CPU
	EndGlobalSection
	GlobalSection(ProjectConfigurationPlatforms) = postSolution
		{D49D9447-94CA-4814-9299-9ABECF740884}.Debug|Any CPU.ActiveCfg = Debug|Any CPU
		{D49D9447-94CA-4814-9299-9ABECF740884}.Debug|Any CPU.Build.0 = Debug|Any CPU
		{D49D9447-94CA-4814-9299-9ABECF740884}.Release|Any CPU.ActiveCfg = Release|Any CPU
		{D49D9447-94CA-4814-9299-9ABECF740884}.Release|Any CPU.Build.0 = Release|Any CPU
		{FC2C90B9-217C-4AFD-ADE3-C36A1B35DEF9}.Debug|Any CPU.ActiveCfg = Debug|Any CPU
		{FC2C90B9-217C-4AFD-ADE3-C36A1B35DEF9}.Debug|Any CPU.Build.0 = Debug|Any CPU
		{FC2C90B9-217C-4AFD-ADE3-C36A1B35DEF9}.Release|Any CPU.ActiveCfg = Release|Any CPU
		{FC2C90B9-217C-4AFD-ADE3-C36A1B35DEF9}.Release|Any CPU.Build.0 = Release|Any CPU
		{6A1C06A7-0C2A-4804-8542-0DBD3B544E54}.Debug|Any CPU.ActiveCfg = Debug|Any CPU
		{6A1C06A7-0C2A-4804-8542-0DBD3B544E54}.Debug|Any CPU.Build.0 = Debug|Any CPU
		{6A1C06A7-0C2A-4804-8542-0DBD3B544E54}.Release|Any CPU.ActiveCfg = Release|Any CPU
		{6A1C06A7-0C2A-4804-8542-0DBD3B544E54}.Release|Any CPU.Build.0 = Release|Any CPU
	EndGlobalSection
	GlobalSection(SolutionProperties) = preSolution
		HideSolutionNode = FALSE
	EndGlobalSection
	GlobalSection(ExtensibilityGlobals) = postSolution
		SolutionGuid = {AC1F563E-4B62-40E6-AA6C-A99F8E4DF628}
	EndGlobalSection
EndGlobal
